
Microsoft Visual Studio Solution File, Format Version 12.00
# Visual Studio Version 17
VisualStudioVersion = 17.13.35931.197
MinimumVisualStudioVersion = 10.0.40219.1
Project("{2150E333-8FDC-42A3-9474-1A3956D46DE8}") = "Services", "Services", "{02EA681E-C7D8-13C7-8484-4AC65E1B71E8}"
EndProject
Project("{2150E333-8FDC-42A3-9474-1A3956D46DE8}") = "Catalog", "Catalog", "{BCF52488-9652-499B-A9E4-873CAE1950D7}"
EndProject
Project("{FAE04EC0-301F-11D3-BF4B-00C04F79EFBC}") = "Catalog.API", "Services\Catalog\Catalog.API\Catalog.API.csproj", "{B3241EAB-B858-4E6E-AD2A-B1F7FA925A4A}"
EndProject
Project("{2150E333-8FDC-42A3-9474-1A3956D46DE8}") = "BuildingBlocks", "BuildingBlocks", "{A7D33D49-D038-4828-A568-481B5A6423BD}"
EndProject
Project("{FAE04EC0-301F-11D3-BF4B-00C04F79EFBC}") = "BuildingBlocks", "BuildingBlocks\BuildingBlocks\BuildingBlocks.csproj", "{F650D6F8-5DC6-4FF8-BE56-3F070C7E8D4A}"
EndProject
Project("{E53339B2-1760-4266-BCC7-CA923CBCF16C}") = "docker-compose", "docker-compose.dcproj", "{81DDED9D-158B-E303-5F62-77A2896D2A5A}"
EndProject
Project("{2150E333-8FDC-42A3-9474-1A3956D46DE8}") = "Basket", "Basket", "{160BBF0D-6B4A-4B4B-BE75-9F07DFDBB3AE}"
EndProject
Project("{FAE04EC0-301F-11D3-BF4B-00C04F79EFBC}") = "Basket.API", "Services\Basket\Basket.API\Basket.API.csproj", "{17A04974-8041-4043-AF1E-D486B8E199C6}"
EndProject
Project("{2150E333-8FDC-42A3-9474-1A3956D46DE8}") = "Discount", "Discount", "{153511AD-D794-4DBA-8137-233E34C759C9}"
EndProject
Project("{FAE04EC0-301F-11D3-BF4B-00C04F79EFBC}") = "Discount.Grpc", "Services\Discount\Discount.Grpc\Discount.Grpc.csproj", "{3FECE28E-6316-41FA-A9EF-2F0290AB04AB}"
EndProject
Global
	GlobalSection(SolutionConfigurationPlatforms) = preSolution
		Debug|Any CPU = Debug|Any CPU
		Release|Any CPU = Release|Any CPU
	EndGlobalSection
	GlobalSection(ProjectConfigurationPlatforms) = postSolution
		{B3241EAB-B858-4E6E-AD2A-B1F7FA925A4A}.Debug|Any CPU.ActiveCfg = Debug|Any CPU
		{B3241EAB-B858-4E6E-AD2A-B1F7FA925A4A}.Debug|Any CPU.Build.0 = Debug|Any CPU
		{B3241EAB-B858-4E6E-AD2A-B1F7FA925A4A}.Release|Any CPU.ActiveCfg = Release|Any CPU
		{B3241EAB-B858-4E6E-AD2A-B1F7FA925A4A}.Release|Any CPU.Build.0 = Release|Any CPU
		{F650D6F8-5DC6-4FF8-BE56-3F070C7E8D4A}.Debug|Any CPU.ActiveCfg = Debug|Any CPU
		{F650D6F8-5DC6-4FF8-BE56-3F070C7E8D4A}.Debug|Any CPU.Build.0 = Debug|Any CPU
		{F650D6F8-5DC6-4FF8-BE56-3F070C7E8D4A}.Release|Any CPU.ActiveCfg = Release|Any CPU
		{F650D6F8-5DC6-4FF8-BE56-3F070C7E8D4A}.Release|Any CPU.Build.0 = Release|Any CPU
		{81DDED9D-158B-E303-5F62-77A2896D2A5A}.Debug|Any CPU.ActiveCfg = Debug|Any CPU
		{81DDED9D-158B-E303-5F62-77A2896D2A5A}.Debug|Any CPU.Build.0 = Debug|Any CPU
		{81DDED9D-158B-E303-5F62-77A2896D2A5A}.Release|Any CPU.ActiveCfg = Release|Any CPU
		{81DDED9D-158B-E303-5F62-77A2896D2A5A}.Release|Any CPU.Build.0 = Release|Any CPU
		{17A04974-8041-4043-AF1E-D486B8E199C6}.Debug|Any CPU.ActiveCfg = Debug|Any CPU
		{17A04974-8041-4043-AF1E-D486B8E199C6}.Debug|Any CPU.Build.0 = Debug|Any CPU
		{17A04974-8041-4043-AF1E-D486B8E199C6}.Release|Any CPU.ActiveCfg = Release|Any CPU
		{17A04974-8041-4043-AF1E-D486B8E199C6}.Release|Any CPU.Build.0 = Release|Any CPU
		{3FECE28E-6316-41FA-A9EF-2F0290AB04AB}.Debug|Any CPU.ActiveCfg = Debug|Any CPU
		{3FECE28E-6316-41FA-A9EF-2F0290AB04AB}.Debug|Any CPU.Build.0 = Debug|Any CPU
		{3FECE28E-6316-41FA-A9EF-2F0290AB04AB}.Release|Any CPU.ActiveCfg = Release|Any CPU
		{3FECE28E-6316-41FA-A9EF-2F0290AB04AB}.Release|Any CPU.Build.0 = Release|Any CPU
	EndGlobalSection
	GlobalSection(SolutionProperties) = preSolution
		HideSolutionNode = FALSE
	EndGlobalSection
	GlobalSection(NestedProjects) = preSolution
		{BCF52488-9652-499B-A9E4-873CAE1950D7} = {02EA681E-C7D8-13C7-8484-4AC65E1B71E8}
		{B3241EAB-B858-4E6E-AD2A-B1F7FA925A4A} = {BCF52488-9652-499B-A9E4-873CAE1950D7}
		{F650D6F8-5DC6-4FF8-BE56-3F070C7E8D4A} = {A7D33D49-D038-4828-A568-481B5A6423BD}
		{160BBF0D-6B4A-4B4B-BE75-9F07DFDBB3AE} = {02EA681E-C7D8-13C7-8484-4AC65E1B71E8}
		{17A04974-8041-4043-AF1E-D486B8E199C6} = {160BBF0D-6B4A-4B4B-BE75-9F07DFDBB3AE}
		{153511AD-D794-4DBA-8137-233E34C759C9} = {02EA681E-C7D8-13C7-8484-4AC65E1B71E8}
		{3FECE28E-6316-41FA-A9EF-2F0290AB04AB} = {153511AD-D794-4DBA-8137-233E34C759C9}
	EndGlobalSection
	GlobalSection(ExtensibilityGlobals) = postSolution
		SolutionGuid = {ADBB5786-9E54-459A-8BCA-B5DCCC28000A}
	EndGlobalSection
EndGlobal
